
Microsoft Visual Studio Solution File, Format Version 12.00
# Visual Studio Version 16
VisualStudioVersion = 16.0.31624.102
MinimumVisualStudioVersion = 10.0.40219.1
Project("{FAE04EC0-301F-11D3-BF4B-00C04F79EFBC}") = "CitizenFXRemapper", "CitizenFXRemapper\CitizenFXRemapper.csproj", "{75E1C3AB-C65F-45D2-8886-A4ECC53F1E78}"
EndProject
Global
	GlobalSection(SolutionConfigurationPlatforms) = preSolution
		Debug|Any CPU = Debug|Any CPU
		Release|Any CPU = Release|Any CPU
	EndGlobalSection
	GlobalSection(ProjectConfigurationPlatforms) = postSolution
		{75E1C3AB-C65F-45D2-8886-A4ECC53F1E78}.Debug|Any CPU.ActiveCfg = Debug|Any CPU
		{75E1C3AB-C65F-45D2-8886-A4ECC53F1E78}.Debug|Any CPU.Build.0 = Debug|Any CPU
		{75E1C3AB-C65F-45D2-8886-A4ECC53F1E78}.Release|Any CPU.ActiveCfg = Release|Any CPU
		{75E1C3AB-C65F-45D2-8886-A4ECC53F1E78}.Release|Any CPU.Build.0 = Release|Any CPU
	EndGlobalSection
	GlobalSection(SolutionProperties) = preSolution
		HideSolutionNode = FALSE
	EndGlobalSection
	GlobalSection(ExtensibilityGlobals) = postSolution
		SolutionGuid = {43456BBC-B2E9-4B92-B1FC-CC0E1554AEF3}
	EndGlobalSection
EndGlobal
